
Microsoft Visual Studio Solution File, Format Version 12.00
Project("{FAE04EC0-301F-11D3-BF4B-00C04F79EFBC}") = "Areas", "Areas\Areas.csproj", "{77E86482-F84F-4D7C-B94B-575F0BF2337A}"
EndProject
Global
	GlobalSection(SolutionConfigurationPlatforms) = preSolution
		Debug|Any CPU = Debug|Any CPU
		Release|Any CPU = Release|Any CPU
	EndGlobalSection
	GlobalSection(ProjectConfigurationPlatforms) = postSolution
		{77E86482-F84F-4D7C-B94B-575F0BF2337A}.Debug|Any CPU.ActiveCfg = Debug|Any CPU
		{77E86482-F84F-4D7C-B94B-575F0BF2337A}.Debug|Any CPU.Build.0 = Debug|Any CPU
		{77E86482-F84F-4D7C-B94B-575F0BF2337A}.Release|Any CPU.ActiveCfg = Release|Any CPU
		{77E86482-F84F-4D7C-B94B-575F0BF2337A}.Release|Any CPU.Build.0 = Release|Any CPU
	EndGlobalSection
EndGlobal
